
Microsoft Visual Studio Solution File, Format Version 12.00
# Visual Studio Version 16
VisualStudioVersion = 16.0.30204.135
MinimumVisualStudioVersion = 10.0.40219.1
Project("{2150E333-8FDC-42A3-9474-1A3956D46DE8}") = "Domain", "Domain", "{33378966-766A-4402-9474-3DD498B2CA40}"
EndProject
Project("{9A19103F-16F7-4668-BE54-9A1E7A4F7556}") = "OnionArchitecture.Domain.Entities", "OnionArchitecture.Domain.Entities\OnionArchitecture.Domain.Entities.csproj", "{C8F0FBC7-6F6E-4DF8-BACA-09ECD30E7A00}"
EndProject
Project("{9A19103F-16F7-4668-BE54-9A1E7A4F7556}") = "OnionArchitecture.Domain.Interfaces", "OnionArchitecture.Domain.Interfaces\OnionArchitecture.Domain.Interfaces.csproj", "{E41E996D-6165-4DE4-BDA8-08AB7AC549F9}"
EndProject
Project("{2150E333-8FDC-42A3-9474-1A3956D46DE8}") = "Services", "Services", "{867FF7C0-109A-482F-8E6A-104B0C1DDBC1}"
EndProject
Project("{9A19103F-16F7-4668-BE54-9A1E7A4F7556}") = "OnionArchitecture.Services.Interfaces", "OnionArchitecture.Services.Interfaces\OnionArchitecture.Services.Interfaces.csproj", "{A8B3A5A3-092A-4118-B74E-DB19F8C4269F}"
EndProject
Project("{9A19103F-16F7-4668-BE54-9A1E7A4F7556}") = "OnionArchitecture.Services.ApplicationServices", "OnionArchitecture.Services.ApplicationServices\OnionArchitecture.Services.ApplicationServices.csproj", "{5DC79658-CD83-4BCC-AE70-83A05E0EF0DC}"
EndProject
Project("{2150E333-8FDC-42A3-9474-1A3956D46DE8}") = "Infrastructure", "Infrastructure", "{A20E79E1-B532-4F7B-BD04-8610D9F3DF8E}"
EndProject
Project("{FAE04EC0-301F-11D3-BF4B-00C04F79EFBC}") = "OnionArchitecture.Infrastructure.Data", "OnionArchitecture.Infrastructure.Data\OnionArchitecture.Infrastructure.Data.csproj", "{6FFE5861-2573-49AB-B0D9-6B2D7DE8B8BB}"
EndProject
Project("{2150E333-8FDC-42A3-9474-1A3956D46DE8}") = "UserInterface", "UserInterface", "{6D9B1D6D-4DA5-4AE9-8175-903BAD30CE1B}"
EndProject
Project("{FAE04EC0-301F-11D3-BF4B-00C04F79EFBC}") = "OnionArchitecture.WebMvc", "OnionArchitecture.WebMvc\OnionArchitecture.WebMvc.csproj", "{419B3193-0E96-4B78-8C70-D787B95D3E58}"
EndProject
Global
	GlobalSection(SolutionConfigurationPlatforms) = preSolution
		Debug|Any CPU = Debug|Any CPU
		Release|Any CPU = Release|Any CPU
	EndGlobalSection
	GlobalSection(ProjectConfigurationPlatforms) = postSolution
		{C8F0FBC7-6F6E-4DF8-BACA-09ECD30E7A00}.Debug|Any CPU.ActiveCfg = Debug|Any CPU
		{C8F0FBC7-6F6E-4DF8-BACA-09ECD30E7A00}.Debug|Any CPU.Build.0 = Debug|Any CPU
		{C8F0FBC7-6F6E-4DF8-BACA-09ECD30E7A00}.Release|Any CPU.ActiveCfg = Release|Any CPU
		{C8F0FBC7-6F6E-4DF8-BACA-09ECD30E7A00}.Release|Any CPU.Build.0 = Release|Any CPU
		{E41E996D-6165-4DE4-BDA8-08AB7AC549F9}.Debug|Any CPU.ActiveCfg = Debug|Any CPU
		{E41E996D-6165-4DE4-BDA8-08AB7AC549F9}.Debug|Any CPU.Build.0 = Debug|Any CPU
		{E41E996D-6165-4DE4-BDA8-08AB7AC549F9}.Release|Any CPU.ActiveCfg = Release|Any CPU
		{E41E996D-6165-4DE4-BDA8-08AB7AC549F9}.Release|Any CPU.Build.0 = Release|Any CPU
		{A8B3A5A3-092A-4118-B74E-DB19F8C4269F}.Debug|Any CPU.ActiveCfg = Debug|Any CPU
		{A8B3A5A3-092A-4118-B74E-DB19F8C4269F}.Debug|Any CPU.Build.0 = Debug|Any CPU
		{A8B3A5A3-092A-4118-B74E-DB19F8C4269F}.Release|Any CPU.ActiveCfg = Release|Any CPU
		{A8B3A5A3-092A-4118-B74E-DB19F8C4269F}.Release|Any CPU.Build.0 = Release|Any CPU
		{5DC79658-CD83-4BCC-AE70-83A05E0EF0DC}.Debug|Any CPU.ActiveCfg = Debug|Any CPU
		{5DC79658-CD83-4BCC-AE70-83A05E0EF0DC}.Debug|Any CPU.Build.0 = Debug|Any CPU
		{5DC79658-CD83-4BCC-AE70-83A05E0EF0DC}.Release|Any CPU.ActiveCfg = Release|Any CPU
		{5DC79658-CD83-4BCC-AE70-83A05E0EF0DC}.Release|Any CPU.Build.0 = Release|Any CPU
		{6FFE5861-2573-49AB-B0D9-6B2D7DE8B8BB}.Debug|Any CPU.ActiveCfg = Debug|Any CPU
		{6FFE5861-2573-49AB-B0D9-6B2D7DE8B8BB}.Debug|Any CPU.Build.0 = Debug|Any CPU
		{6FFE5861-2573-49AB-B0D9-6B2D7DE8B8BB}.Release|Any CPU.ActiveCfg = Release|Any CPU
		{6FFE5861-2573-49AB-B0D9-6B2D7DE8B8BB}.Release|Any CPU.Build.0 = Release|Any CPU
		{419B3193-0E96-4B78-8C70-D787B95D3E58}.Debug|Any CPU.ActiveCfg = Debug|Any CPU
		{419B3193-0E96-4B78-8C70-D787B95D3E58}.Debug|Any CPU.Build.0 = Debug|Any CPU
		{419B3193-0E96-4B78-8C70-D787B95D3E58}.Release|Any CPU.ActiveCfg = Release|Any CPU
		{419B3193-0E96-4B78-8C70-D787B95D3E58}.Release|Any CPU.Build.0 = Release|Any CPU
	EndGlobalSection
	GlobalSection(SolutionProperties) = preSolution
		HideSolutionNode = FALSE
	EndGlobalSection
	GlobalSection(NestedProjects) = preSolution
		{C8F0FBC7-6F6E-4DF8-BACA-09ECD30E7A00} = {33378966-766A-4402-9474-3DD498B2CA40}
		{E41E996D-6165-4DE4-BDA8-08AB7AC549F9} = {33378966-766A-4402-9474-3DD498B2CA40}
		{A8B3A5A3-092A-4118-B74E-DB19F8C4269F} = {867FF7C0-109A-482F-8E6A-104B0C1DDBC1}
		{5DC79658-CD83-4BCC-AE70-83A05E0EF0DC} = {867FF7C0-109A-482F-8E6A-104B0C1DDBC1}
		{6FFE5861-2573-49AB-B0D9-6B2D7DE8B8BB} = {A20E79E1-B532-4F7B-BD04-8610D9F3DF8E}
		{419B3193-0E96-4B78-8C70-D787B95D3E58} = {6D9B1D6D-4DA5-4AE9-8175-903BAD30CE1B}
	EndGlobalSection
	GlobalSection(ExtensibilityGlobals) = postSolution
		SolutionGuid = {DD7A300E-8930-47BF-80AB-25E601F420C9}
	EndGlobalSection
EndGlobal
